
Microsoft Visual Studio Solution File, Format Version 12.00
# Visual Studio 15
VisualStudioVersion = 15.0.26430.12
MinimumVisualStudioVersion = 10.0.40219.1
Project("{2150E333-8FDC-42A3-9474-1A3956D46DE8}") = "src", "src", "{D7AD5074-B32E-49F4-84C7-EF75613888D1}"
EndProject
Project("{2150E333-8FDC-42A3-9474-1A3956D46DE8}") = "Solution Items", "Solution Items", "{CB0D2CAB-EC9E-4712-B0BB-7E44FCB3AF7B}"
	ProjectSection(SolutionItems) = preProject
		global.json = global.json
	EndProjectSection
EndProject
Project("{9A19103F-16F7-4668-BE54-9A1E7A4F7556}") = "Alignment.Domain", "src\Alignment.Domain\Alignment.Domain.csproj", "{F919B818-AE4F-427C-A2A9-9325CE40741D}"
EndProject
Project("{9A19103F-16F7-4668-BE54-9A1E7A4F7556}") = "Alignment.IO", "src\Alignment.IO\Alignment.IO.csproj", "{769A0356-0A1C-4DC9-8F77-E97445F93A13}"
EndProject
Project("{9A19103F-16F7-4668-BE54-9A1E7A4F7556}") = "Common.IO", "src\Common.IO\Common.IO.csproj", "{199B5837-5C2F-4404-A378-99A1C59161AB}"
EndProject
Project("{9A19103F-16F7-4668-BE54-9A1E7A4F7556}") = "Pisces", "src\Pisces\Pisces.csproj", "{62606276-98D5-45B4-B4B1-0B04196E887E}"
EndProject
Project("{9A19103F-16F7-4668-BE54-9A1E7A4F7556}") = "Pisces.Calculators", "src\Pisces.Calculators\Pisces.Calculators.csproj", "{FC305D39-4B10-4E08-8D43-1457968049EA}"
EndProject
Project("{9A19103F-16F7-4668-BE54-9A1E7A4F7556}") = "Pisces.Domain", "src\Pisces.Domain\Pisces.Domain.csproj", "{4460E41A-52EA-4808-8F32-218D820A761B}"
EndProject
Project("{9A19103F-16F7-4668-BE54-9A1E7A4F7556}") = "Pisces.Processing", "src\Pisces.Processing\Pisces.Processing.csproj", "{E1CF353F-6672-46A0-9610-CA068D323342}"
EndProject
Project("{9A19103F-16F7-4668-BE54-9A1E7A4F7556}") = "Pisces.IO", "src\Pisces.IO\Pisces.IO.csproj", "{8A0A7E32-7363-49B4-AEED-EE5BE645A394}"
EndProject
Project("{2150E333-8FDC-42A3-9474-1A3956D46DE8}") = "test", "test", "{6D340060-07B2-4835-8AA3-81B387216240}"
EndProject
Project("{9A19103F-16F7-4668-BE54-9A1E7A4F7556}") = "Pisces.IO.Tests", "test\Pisces.IO.Tests\Pisces.IO.Tests.csproj", "{27B40563-BA61-4173-BC4C-176D6FD69A10}"
EndProject
Project("{9A19103F-16F7-4668-BE54-9A1E7A4F7556}") = "Pisces.Processing.Tests", "test\Pisces.Processing.Tests\Pisces.Processing.Tests.csproj", "{DDC3A770-063F-4BC7-B487-15128462CC96}"
EndProject
Project("{9A19103F-16F7-4668-BE54-9A1E7A4F7556}") = "Pisces.Tests", "test\Pisces.Tests\Pisces.Tests.csproj", "{62449790-BF20-460F-B38D-D7CF861602AD}"
EndProject
Project("{9A19103F-16F7-4668-BE54-9A1E7A4F7556}") = "TestUtilities", "test\TestUtilities\TestUtilities.csproj", "{FA078241-9FAF-4EF3-9A99-24F0A642132B}"
EndProject
Project("{9A19103F-16F7-4668-BE54-9A1E7A4F7556}") = "Alignment.Logic", "src\Alignment.Logic\Alignment.Logic.csproj", "{00759A28-106B-4F47-A636-8882F1D1F885}"
EndProject
Project("{9A19103F-16F7-4668-BE54-9A1E7A4F7556}") = "Scylla", "src\Scylla\Scylla.csproj", "{88000B33-E05C-4B7A-A5F9-24BB916540CF}"
EndProject
Project("{9A19103F-16F7-4668-BE54-9A1E7A4F7556}") = "Stitcher", "src\Stitcher\Stitcher.csproj", "{79EECFB0-2B8D-46EE-A9F6-1A9E6D0F50B4}"
EndProject
Project("{9A19103F-16F7-4668-BE54-9A1E7A4F7556}") = "StitchingLogic", "src\StitchingLogic\StitchingLogic.csproj", "{3EEB932B-74EF-4FF7-A675-6162524216AA}"
EndProject
Project("{9A19103F-16F7-4668-BE54-9A1E7A4F7556}") = "VariantPhasing", "src\VariantPhasing\VariantPhasing.csproj", "{642B88C0-C88E-4154-9C79-0141184558A8}"
EndProject
Project("{9A19103F-16F7-4668-BE54-9A1E7A4F7556}") = "VariantQualityRecalibration", "src\VariantQualityRecalibration\VariantQualityRecalibration.csproj", "{7F3EE521-0359-47CE-9DAF-C2FB36B68D86}"
EndProject
Project("{9A19103F-16F7-4668-BE54-9A1E7A4F7556}") = "VennVcf", "src\VennVcf\VennVcf.csproj", "{B16D0D11-0251-4880-92D9-F55BC850C1B1}"
EndProject
Project("{9A19103F-16F7-4668-BE54-9A1E7A4F7556}") = "NDesk.Options", "src\NDesk.Options\NDesk.Options.csproj", "{B9B5879A-0907-45BB-ABD5-7C4E86CBF077}"
EndProject
Project("{9A19103F-16F7-4668-BE54-9A1E7A4F7556}") = "Common.IO.Tests", "test\Common.IO.Tests\Common.IO.Tests.csproj", "{6DEDCE72-3D9E-42D3-B3CB-1953DC1BC81E}"
EndProject
Project("{9A19103F-16F7-4668-BE54-9A1E7A4F7556}") = "Scylla.Tests", "test\Scylla.Tests\Scylla.Tests.csproj", "{BAE9856A-779A-4E35-8666-DB2D2BD2CCC3}"
EndProject
Project("{9A19103F-16F7-4668-BE54-9A1E7A4F7556}") = "Stitcher.Tests", "test\Stitcher.Tests\Stitcher.Tests.csproj", "{A522FB6D-CE71-440F-B976-D156D0A19FF7}"
EndProject
Project("{9A19103F-16F7-4668-BE54-9A1E7A4F7556}") = "StitchingLogic.Tests", "test\StitchingLogic.Tests\StitchingLogic.Tests.csproj", "{8587A990-53D6-4132-B0B6-B441E32A62D3}"
EndProject
Project("{9A19103F-16F7-4668-BE54-9A1E7A4F7556}") = "VariantPhasing.Tests", "test\VariantPhasing.Tests\VariantPhasing.Tests.csproj", "{56F220BF-6572-45F4-A6B6-2D8AD2926487}"
EndProject
Project("{9A19103F-16F7-4668-BE54-9A1E7A4F7556}") = "VariantQualityRecalibration.Tests", "test\VariantQualityRecalibration.Tests\VariantQualityRecalibration.Tests.csproj", "{FFE1B65E-2532-4E71-9B38-0A64DA917207}"
EndProject
Project("{9A19103F-16F7-4668-BE54-9A1E7A4F7556}") = "VennVcf.Tests", "test\VennVcf.Tests\VennVcf.Tests.csproj", "{7973DABF-70AA-4219-82A7-BFE1C65D14D6}"
EndProject
Project("{9A19103F-16F7-4668-BE54-9A1E7A4F7556}") = "Pisces.Domain.Tests", "test\Pisces.Domain.Tests\Pisces.Domain.Tests.csproj", "{F5358147-3F05-488D-9AD6-45FAF7E3BD8B}"
EndProject
Project("{9A19103F-16F7-4668-BE54-9A1E7A4F7556}") = "Alignment.Domain.Tests", "test\Alignment.Domain.Tests\Alignment.Domain.Tests.csproj", "{321D2395-3D95-400A-94FF-159190E6CE2D}"
EndProject
Project("{9A19103F-16F7-4668-BE54-9A1E7A4F7556}") = "Alignment.IO.Tests", "test\Alignment.IO.Tests\Alignment.IO.Tests.csproj", "{0FAB26A0-1600-4B16-825A-AB7979CB1141}"
EndProject
Project("{9A19103F-16F7-4668-BE54-9A1E7A4F7556}") = "Alignment.Logic.Tests", "test\Alignment.Logic.Tests\Alignment.Logic.Tests.csproj", "{53D1B9CA-2236-4129-B490-7E5492F52B81}"
EndProject
Project("{9A19103F-16F7-4668-BE54-9A1E7A4F7556}") = "Pisces.Calculators.Tests", "test\Pisces.Calculators.Tests\Pisces.Calculators.Tests.csproj", "{12809ACA-3114-46D7-80E1-4176201989DF}"
EndProject
Global
	GlobalSection(SolutionConfigurationPlatforms) = preSolution
		Debug|Any CPU = Debug|Any CPU
		Debug|x64 = Debug|x64
		Release|Any CPU = Release|Any CPU
		Release|x64 = Release|x64
	EndGlobalSection
	GlobalSection(ProjectConfigurationPlatforms) = postSolution
		{F919B818-AE4F-427C-A2A9-9325CE40741D}.Debug|Any CPU.ActiveCfg = Debug|Any CPU
		{F919B818-AE4F-427C-A2A9-9325CE40741D}.Debug|Any CPU.Build.0 = Debug|Any CPU
		{F919B818-AE4F-427C-A2A9-9325CE40741D}.Debug|x64.ActiveCfg = Debug|x64
		{F919B818-AE4F-427C-A2A9-9325CE40741D}.Debug|x64.Build.0 = Debug|x64
		{F919B818-AE4F-427C-A2A9-9325CE40741D}.Release|Any CPU.ActiveCfg = Release|Any CPU
		{F919B818-AE4F-427C-A2A9-9325CE40741D}.Release|Any CPU.Build.0 = Release|Any CPU
		{F919B818-AE4F-427C-A2A9-9325CE40741D}.Release|x64.ActiveCfg = Release|x64
		{F919B818-AE4F-427C-A2A9-9325CE40741D}.Release|x64.Build.0 = Release|x64
		{769A0356-0A1C-4DC9-8F77-E97445F93A13}.Debug|Any CPU.ActiveCfg = Debug|Any CPU
		{769A0356-0A1C-4DC9-8F77-E97445F93A13}.Debug|Any CPU.Build.0 = Debug|Any CPU
		{769A0356-0A1C-4DC9-8F77-E97445F93A13}.Debug|x64.ActiveCfg = Debug|x64
		{769A0356-0A1C-4DC9-8F77-E97445F93A13}.Debug|x64.Build.0 = Debug|x64
		{769A0356-0A1C-4DC9-8F77-E97445F93A13}.Release|Any CPU.ActiveCfg = Release|Any CPU
		{769A0356-0A1C-4DC9-8F77-E97445F93A13}.Release|Any CPU.Build.0 = Release|Any CPU
		{769A0356-0A1C-4DC9-8F77-E97445F93A13}.Release|x64.ActiveCfg = Release|x64
		{769A0356-0A1C-4DC9-8F77-E97445F93A13}.Release|x64.Build.0 = Release|x64
		{199B5837-5C2F-4404-A378-99A1C59161AB}.Debug|Any CPU.ActiveCfg = Debug|Any CPU
		{199B5837-5C2F-4404-A378-99A1C59161AB}.Debug|Any CPU.Build.0 = Debug|Any CPU
		{199B5837-5C2F-4404-A378-99A1C59161AB}.Debug|x64.ActiveCfg = Debug|x64
		{199B5837-5C2F-4404-A378-99A1C59161AB}.Debug|x64.Build.0 = Debug|x64
		{199B5837-5C2F-4404-A378-99A1C59161AB}.Release|Any CPU.ActiveCfg = Release|Any CPU
		{199B5837-5C2F-4404-A378-99A1C59161AB}.Release|Any CPU.Build.0 = Release|Any CPU
		{199B5837-5C2F-4404-A378-99A1C59161AB}.Release|x64.ActiveCfg = Release|x64
		{199B5837-5C2F-4404-A378-99A1C59161AB}.Release|x64.Build.0 = Release|x64
		{62606276-98D5-45B4-B4B1-0B04196E887E}.Debug|Any CPU.ActiveCfg = Debug|Any CPU
		{62606276-98D5-45B4-B4B1-0B04196E887E}.Debug|Any CPU.Build.0 = Debug|Any CPU
		{62606276-98D5-45B4-B4B1-0B04196E887E}.Debug|x64.ActiveCfg = Debug|x64
		{62606276-98D5-45B4-B4B1-0B04196E887E}.Debug|x64.Build.0 = Debug|x64
		{62606276-98D5-45B4-B4B1-0B04196E887E}.Release|Any CPU.ActiveCfg = Release|Any CPU
		{62606276-98D5-45B4-B4B1-0B04196E887E}.Release|Any CPU.Build.0 = Release|Any CPU
		{62606276-98D5-45B4-B4B1-0B04196E887E}.Release|x64.ActiveCfg = Release|x64
		{62606276-98D5-45B4-B4B1-0B04196E887E}.Release|x64.Build.0 = Release|x64
		{FC305D39-4B10-4E08-8D43-1457968049EA}.Debug|Any CPU.ActiveCfg = Debug|Any CPU
		{FC305D39-4B10-4E08-8D43-1457968049EA}.Debug|Any CPU.Build.0 = Debug|Any CPU
		{FC305D39-4B10-4E08-8D43-1457968049EA}.Debug|x64.ActiveCfg = Debug|x64
		{FC305D39-4B10-4E08-8D43-1457968049EA}.Debug|x64.Build.0 = Debug|x64
		{FC305D39-4B10-4E08-8D43-1457968049EA}.Release|Any CPU.ActiveCfg = Release|Any CPU
		{FC305D39-4B10-4E08-8D43-1457968049EA}.Release|Any CPU.Build.0 = Release|Any CPU
		{FC305D39-4B10-4E08-8D43-1457968049EA}.Release|x64.ActiveCfg = Release|x64
		{FC305D39-4B10-4E08-8D43-1457968049EA}.Release|x64.Build.0 = Release|x64
		{4460E41A-52EA-4808-8F32-218D820A761B}.Debug|Any CPU.ActiveCfg = Debug|Any CPU
		{4460E41A-52EA-4808-8F32-218D820A761B}.Debug|Any CPU.Build.0 = Debug|Any CPU
		{4460E41A-52EA-4808-8F32-218D820A761B}.Debug|x64.ActiveCfg = Debug|x64
		{4460E41A-52EA-4808-8F32-218D820A761B}.Debug|x64.Build.0 = Debug|x64
		{4460E41A-52EA-4808-8F32-218D820A761B}.Release|Any CPU.ActiveCfg = Release|Any CPU
		{4460E41A-52EA-4808-8F32-218D820A761B}.Release|Any CPU.Build.0 = Release|Any CPU
		{4460E41A-52EA-4808-8F32-218D820A761B}.Release|x64.ActiveCfg = Release|x64
		{4460E41A-52EA-4808-8F32-218D820A761B}.Release|x64.Build.0 = Release|x64
		{E1CF353F-6672-46A0-9610-CA068D323342}.Debug|Any CPU.ActiveCfg = Debug|Any CPU
		{E1CF353F-6672-46A0-9610-CA068D323342}.Debug|Any CPU.Build.0 = Debug|Any CPU
		{E1CF353F-6672-46A0-9610-CA068D323342}.Debug|x64.ActiveCfg = Debug|x64
		{E1CF353F-6672-46A0-9610-CA068D323342}.Debug|x64.Build.0 = Debug|x64
		{E1CF353F-6672-46A0-9610-CA068D323342}.Release|Any CPU.ActiveCfg = Release|Any CPU
		{E1CF353F-6672-46A0-9610-CA068D323342}.Release|Any CPU.Build.0 = Release|Any CPU
		{E1CF353F-6672-46A0-9610-CA068D323342}.Release|x64.ActiveCfg = Release|x64
		{E1CF353F-6672-46A0-9610-CA068D323342}.Release|x64.Build.0 = Release|x64
		{8A0A7E32-7363-49B4-AEED-EE5BE645A394}.Debug|Any CPU.ActiveCfg = Debug|Any CPU
		{8A0A7E32-7363-49B4-AEED-EE5BE645A394}.Debug|Any CPU.Build.0 = Debug|Any CPU
		{8A0A7E32-7363-49B4-AEED-EE5BE645A394}.Debug|x64.ActiveCfg = Debug|x64
		{8A0A7E32-7363-49B4-AEED-EE5BE645A394}.Debug|x64.Build.0 = Debug|x64
		{8A0A7E32-7363-49B4-AEED-EE5BE645A394}.Release|Any CPU.ActiveCfg = Release|Any CPU
		{8A0A7E32-7363-49B4-AEED-EE5BE645A394}.Release|Any CPU.Build.0 = Release|Any CPU
		{8A0A7E32-7363-49B4-AEED-EE5BE645A394}.Release|x64.ActiveCfg = Release|x64
		{8A0A7E32-7363-49B4-AEED-EE5BE645A394}.Release|x64.Build.0 = Release|x64
		{27B40563-BA61-4173-BC4C-176D6FD69A10}.Debug|Any CPU.ActiveCfg = Debug|Any CPU
		{27B40563-BA61-4173-BC4C-176D6FD69A10}.Debug|Any CPU.Build.0 = Debug|Any CPU
		{27B40563-BA61-4173-BC4C-176D6FD69A10}.Debug|x64.ActiveCfg = Debug|x64
		{27B40563-BA61-4173-BC4C-176D6FD69A10}.Debug|x64.Build.0 = Debug|x64
		{27B40563-BA61-4173-BC4C-176D6FD69A10}.Release|Any CPU.ActiveCfg = Release|Any CPU
		{27B40563-BA61-4173-BC4C-176D6FD69A10}.Release|Any CPU.Build.0 = Release|Any CPU
		{27B40563-BA61-4173-BC4C-176D6FD69A10}.Release|x64.ActiveCfg = Release|x64
		{27B40563-BA61-4173-BC4C-176D6FD69A10}.Release|x64.Build.0 = Release|x64
		{DDC3A770-063F-4BC7-B487-15128462CC96}.Debug|Any CPU.ActiveCfg = Debug|Any CPU
		{DDC3A770-063F-4BC7-B487-15128462CC96}.Debug|Any CPU.Build.0 = Debug|Any CPU
		{DDC3A770-063F-4BC7-B487-15128462CC96}.Debug|x64.ActiveCfg = Debug|x64
		{DDC3A770-063F-4BC7-B487-15128462CC96}.Debug|x64.Build.0 = Debug|x64
		{DDC3A770-063F-4BC7-B487-15128462CC96}.Release|Any CPU.ActiveCfg = Release|Any CPU
		{DDC3A770-063F-4BC7-B487-15128462CC96}.Release|Any CPU.Build.0 = Release|Any CPU
		{DDC3A770-063F-4BC7-B487-15128462CC96}.Release|x64.ActiveCfg = Release|x64
		{DDC3A770-063F-4BC7-B487-15128462CC96}.Release|x64.Build.0 = Release|x64
		{62449790-BF20-460F-B38D-D7CF861602AD}.Debug|Any CPU.ActiveCfg = Debug|Any CPU
		{62449790-BF20-460F-B38D-D7CF861602AD}.Debug|Any CPU.Build.0 = Debug|Any CPU
		{62449790-BF20-460F-B38D-D7CF861602AD}.Debug|x64.ActiveCfg = Debug|x64
		{62449790-BF20-460F-B38D-D7CF861602AD}.Debug|x64.Build.0 = Debug|x64
		{62449790-BF20-460F-B38D-D7CF861602AD}.Release|Any CPU.ActiveCfg = Release|Any CPU
		{62449790-BF20-460F-B38D-D7CF861602AD}.Release|Any CPU.Build.0 = Release|Any CPU
		{62449790-BF20-460F-B38D-D7CF861602AD}.Release|x64.ActiveCfg = Release|x64
		{62449790-BF20-460F-B38D-D7CF861602AD}.Release|x64.Build.0 = Release|x64
		{FA078241-9FAF-4EF3-9A99-24F0A642132B}.Debug|Any CPU.ActiveCfg = Debug|Any CPU
		{FA078241-9FAF-4EF3-9A99-24F0A642132B}.Debug|Any CPU.Build.0 = Debug|Any CPU
		{FA078241-9FAF-4EF3-9A99-24F0A642132B}.Debug|x64.ActiveCfg = Debug|x64
		{FA078241-9FAF-4EF3-9A99-24F0A642132B}.Debug|x64.Build.0 = Debug|x64
		{FA078241-9FAF-4EF3-9A99-24F0A642132B}.Release|Any CPU.ActiveCfg = Release|Any CPU
		{FA078241-9FAF-4EF3-9A99-24F0A642132B}.Release|Any CPU.Build.0 = Release|Any CPU
		{FA078241-9FAF-4EF3-9A99-24F0A642132B}.Release|x64.ActiveCfg = Release|x64
		{FA078241-9FAF-4EF3-9A99-24F0A642132B}.Release|x64.Build.0 = Release|x64
		{00759A28-106B-4F47-A636-8882F1D1F885}.Debug|Any CPU.ActiveCfg = Debug|Any CPU
		{00759A28-106B-4F47-A636-8882F1D1F885}.Debug|Any CPU.Build.0 = Debug|Any CPU
		{00759A28-106B-4F47-A636-8882F1D1F885}.Debug|x64.ActiveCfg = Debug|x64
		{00759A28-106B-4F47-A636-8882F1D1F885}.Debug|x64.Build.0 = Debug|x64
		{00759A28-106B-4F47-A636-8882F1D1F885}.Release|Any CPU.ActiveCfg = Release|Any CPU
		{00759A28-106B-4F47-A636-8882F1D1F885}.Release|Any CPU.Build.0 = Release|Any CPU
		{00759A28-106B-4F47-A636-8882F1D1F885}.Release|x64.ActiveCfg = Release|x64
		{00759A28-106B-4F47-A636-8882F1D1F885}.Release|x64.Build.0 = Release|x64
		{88000B33-E05C-4B7A-A5F9-24BB916540CF}.Debug|Any CPU.ActiveCfg = Debug|Any CPU
		{88000B33-E05C-4B7A-A5F9-24BB916540CF}.Debug|Any CPU.Build.0 = Debug|Any CPU
		{88000B33-E05C-4B7A-A5F9-24BB916540CF}.Debug|x64.ActiveCfg = Debug|x64
		{88000B33-E05C-4B7A-A5F9-24BB916540CF}.Debug|x64.Build.0 = Debug|x64
		{88000B33-E05C-4B7A-A5F9-24BB916540CF}.Release|Any CPU.ActiveCfg = Release|Any CPU
		{88000B33-E05C-4B7A-A5F9-24BB916540CF}.Release|Any CPU.Build.0 = Release|Any CPU
		{88000B33-E05C-4B7A-A5F9-24BB916540CF}.Release|x64.ActiveCfg = Release|x64
		{88000B33-E05C-4B7A-A5F9-24BB916540CF}.Release|x64.Build.0 = Release|x64
		{79EECFB0-2B8D-46EE-A9F6-1A9E6D0F50B4}.Debug|Any CPU.ActiveCfg = Debug|Any CPU
		{79EECFB0-2B8D-46EE-A9F6-1A9E6D0F50B4}.Debug|Any CPU.Build.0 = Debug|Any CPU
		{79EECFB0-2B8D-46EE-A9F6-1A9E6D0F50B4}.Debug|x64.ActiveCfg = Debug|x64
		{79EECFB0-2B8D-46EE-A9F6-1A9E6D0F50B4}.Debug|x64.Build.0 = Debug|x64
		{79EECFB0-2B8D-46EE-A9F6-1A9E6D0F50B4}.Release|Any CPU.ActiveCfg = Release|Any CPU
		{79EECFB0-2B8D-46EE-A9F6-1A9E6D0F50B4}.Release|Any CPU.Build.0 = Release|Any CPU
		{79EECFB0-2B8D-46EE-A9F6-1A9E6D0F50B4}.Release|x64.ActiveCfg = Release|x64
		{79EECFB0-2B8D-46EE-A9F6-1A9E6D0F50B4}.Release|x64.Build.0 = Release|x64
		{3EEB932B-74EF-4FF7-A675-6162524216AA}.Debug|Any CPU.ActiveCfg = Debug|Any CPU
		{3EEB932B-74EF-4FF7-A675-6162524216AA}.Debug|Any CPU.Build.0 = Debug|Any CPU
		{3EEB932B-74EF-4FF7-A675-6162524216AA}.Debug|x64.ActiveCfg = Debug|x64
		{3EEB932B-74EF-4FF7-A675-6162524216AA}.Debug|x64.Build.0 = Debug|x64
		{3EEB932B-74EF-4FF7-A675-6162524216AA}.Release|Any CPU.ActiveCfg = Release|Any CPU
		{3EEB932B-74EF-4FF7-A675-6162524216AA}.Release|Any CPU.Build.0 = Release|Any CPU
		{3EEB932B-74EF-4FF7-A675-6162524216AA}.Release|x64.ActiveCfg = Release|x64
		{3EEB932B-74EF-4FF7-A675-6162524216AA}.Release|x64.Build.0 = Release|x64
		{642B88C0-C88E-4154-9C79-0141184558A8}.Debug|Any CPU.ActiveCfg = Debug|Any CPU
		{642B88C0-C88E-4154-9C79-0141184558A8}.Debug|Any CPU.Build.0 = Debug|Any CPU
		{642B88C0-C88E-4154-9C79-0141184558A8}.Debug|x64.ActiveCfg = Debug|x64
		{642B88C0-C88E-4154-9C79-0141184558A8}.Debug|x64.Build.0 = Debug|x64
		{642B88C0-C88E-4154-9C79-0141184558A8}.Release|Any CPU.ActiveCfg = Release|Any CPU
		{642B88C0-C88E-4154-9C79-0141184558A8}.Release|Any CPU.Build.0 = Release|Any CPU
		{642B88C0-C88E-4154-9C79-0141184558A8}.Release|x64.ActiveCfg = Release|x64
		{642B88C0-C88E-4154-9C79-0141184558A8}.Release|x64.Build.0 = Release|x64
		{7F3EE521-0359-47CE-9DAF-C2FB36B68D86}.Debug|Any CPU.ActiveCfg = Debug|Any CPU
		{7F3EE521-0359-47CE-9DAF-C2FB36B68D86}.Debug|Any CPU.Build.0 = Debug|Any CPU
		{7F3EE521-0359-47CE-9DAF-C2FB36B68D86}.Debug|x64.ActiveCfg = Debug|x64
		{7F3EE521-0359-47CE-9DAF-C2FB36B68D86}.Debug|x64.Build.0 = Debug|x64
		{7F3EE521-0359-47CE-9DAF-C2FB36B68D86}.Release|Any CPU.ActiveCfg = Release|Any CPU
		{7F3EE521-0359-47CE-9DAF-C2FB36B68D86}.Release|Any CPU.Build.0 = Release|Any CPU
		{7F3EE521-0359-47CE-9DAF-C2FB36B68D86}.Release|x64.ActiveCfg = Release|x64
		{7F3EE521-0359-47CE-9DAF-C2FB36B68D86}.Release|x64.Build.0 = Release|x64
		{B16D0D11-0251-4880-92D9-F55BC850C1B1}.Debug|Any CPU.ActiveCfg = Debug|Any CPU
		{B16D0D11-0251-4880-92D9-F55BC850C1B1}.Debug|Any CPU.Build.0 = Debug|Any CPU
		{B16D0D11-0251-4880-92D9-F55BC850C1B1}.Debug|x64.ActiveCfg = Debug|x64
		{B16D0D11-0251-4880-92D9-F55BC850C1B1}.Debug|x64.Build.0 = Debug|x64
		{B16D0D11-0251-4880-92D9-F55BC850C1B1}.Release|Any CPU.ActiveCfg = Release|Any CPU
		{B16D0D11-0251-4880-92D9-F55BC850C1B1}.Release|Any CPU.Build.0 = Release|Any CPU
		{B16D0D11-0251-4880-92D9-F55BC850C1B1}.Release|x64.ActiveCfg = Release|x64
		{B16D0D11-0251-4880-92D9-F55BC850C1B1}.Release|x64.Build.0 = Release|x64
		{B9B5879A-0907-45BB-ABD5-7C4E86CBF077}.Debug|Any CPU.ActiveCfg = Debug|Any CPU
		{B9B5879A-0907-45BB-ABD5-7C4E86CBF077}.Debug|Any CPU.Build.0 = Debug|Any CPU
		{B9B5879A-0907-45BB-ABD5-7C4E86CBF077}.Debug|x64.ActiveCfg = Debug|x64
		{B9B5879A-0907-45BB-ABD5-7C4E86CBF077}.Debug|x64.Build.0 = Debug|x64
		{B9B5879A-0907-45BB-ABD5-7C4E86CBF077}.Release|Any CPU.ActiveCfg = Release|Any CPU
		{B9B5879A-0907-45BB-ABD5-7C4E86CBF077}.Release|Any CPU.Build.0 = Release|Any CPU
		{B9B5879A-0907-45BB-ABD5-7C4E86CBF077}.Release|x64.ActiveCfg = Release|x64
		{B9B5879A-0907-45BB-ABD5-7C4E86CBF077}.Release|x64.Build.0 = Release|x64
		{6DEDCE72-3D9E-42D3-B3CB-1953DC1BC81E}.Debug|Any CPU.ActiveCfg = Debug|Any CPU
		{6DEDCE72-3D9E-42D3-B3CB-1953DC1BC81E}.Debug|Any CPU.Build.0 = Debug|Any CPU
		{6DEDCE72-3D9E-42D3-B3CB-1953DC1BC81E}.Debug|x64.ActiveCfg = Debug|x64
		{6DEDCE72-3D9E-42D3-B3CB-1953DC1BC81E}.Debug|x64.Build.0 = Debug|x64
		{6DEDCE72-3D9E-42D3-B3CB-1953DC1BC81E}.Release|Any CPU.ActiveCfg = Release|Any CPU
		{6DEDCE72-3D9E-42D3-B3CB-1953DC1BC81E}.Release|Any CPU.Build.0 = Release|Any CPU
		{6DEDCE72-3D9E-42D3-B3CB-1953DC1BC81E}.Release|x64.ActiveCfg = Release|x64
		{6DEDCE72-3D9E-42D3-B3CB-1953DC1BC81E}.Release|x64.Build.0 = Release|x64
		{BAE9856A-779A-4E35-8666-DB2D2BD2CCC3}.Debug|Any CPU.ActiveCfg = Debug|Any CPU
		{BAE9856A-779A-4E35-8666-DB2D2BD2CCC3}.Debug|Any CPU.Build.0 = Debug|Any CPU
		{BAE9856A-779A-4E35-8666-DB2D2BD2CCC3}.Debug|x64.ActiveCfg = Debug|x64
		{BAE9856A-779A-4E35-8666-DB2D2BD2CCC3}.Debug|x64.Build.0 = Debug|x64
		{BAE9856A-779A-4E35-8666-DB2D2BD2CCC3}.Release|Any CPU.ActiveCfg = Release|Any CPU
		{BAE9856A-779A-4E35-8666-DB2D2BD2CCC3}.Release|Any CPU.Build.0 = Release|Any CPU
		{BAE9856A-779A-4E35-8666-DB2D2BD2CCC3}.Release|x64.ActiveCfg = Release|x64
		{BAE9856A-779A-4E35-8666-DB2D2BD2CCC3}.Release|x64.Build.0 = Release|x64
		{A522FB6D-CE71-440F-B976-D156D0A19FF7}.Debug|Any CPU.ActiveCfg = Debug|Any CPU
		{A522FB6D-CE71-440F-B976-D156D0A19FF7}.Debug|Any CPU.Build.0 = Debug|Any CPU
		{A522FB6D-CE71-440F-B976-D156D0A19FF7}.Debug|x64.ActiveCfg = Debug|x64
		{A522FB6D-CE71-440F-B976-D156D0A19FF7}.Debug|x64.Build.0 = Debug|x64
		{A522FB6D-CE71-440F-B976-D156D0A19FF7}.Release|Any CPU.ActiveCfg = Release|Any CPU
		{A522FB6D-CE71-440F-B976-D156D0A19FF7}.Release|Any CPU.Build.0 = Release|Any CPU
		{A522FB6D-CE71-440F-B976-D156D0A19FF7}.Release|x64.ActiveCfg = Release|x64
		{A522FB6D-CE71-440F-B976-D156D0A19FF7}.Release|x64.Build.0 = Release|x64
		{8587A990-53D6-4132-B0B6-B441E32A62D3}.Debug|Any CPU.ActiveCfg = Debug|Any CPU
		{8587A990-53D6-4132-B0B6-B441E32A62D3}.Debug|Any CPU.Build.0 = Debug|Any CPU
		{8587A990-53D6-4132-B0B6-B441E32A62D3}.Debug|x64.ActiveCfg = Debug|x64
		{8587A990-53D6-4132-B0B6-B441E32A62D3}.Debug|x64.Build.0 = Debug|x64
		{8587A990-53D6-4132-B0B6-B441E32A62D3}.Release|Any CPU.ActiveCfg = Release|Any CPU
		{8587A990-53D6-4132-B0B6-B441E32A62D3}.Release|Any CPU.Build.0 = Release|Any CPU
		{8587A990-53D6-4132-B0B6-B441E32A62D3}.Release|x64.ActiveCfg = Release|x64
		{8587A990-53D6-4132-B0B6-B441E32A62D3}.Release|x64.Build.0 = Release|x64
		{56F220BF-6572-45F4-A6B6-2D8AD2926487}.Debug|Any CPU.ActiveCfg = Debug|Any CPU
		{56F220BF-6572-45F4-A6B6-2D8AD2926487}.Debug|Any CPU.Build.0 = Debug|Any CPU
		{56F220BF-6572-45F4-A6B6-2D8AD2926487}.Debug|x64.ActiveCfg = Debug|x64
		{56F220BF-6572-45F4-A6B6-2D8AD2926487}.Debug|x64.Build.0 = Debug|x64
		{56F220BF-6572-45F4-A6B6-2D8AD2926487}.Release|Any CPU.ActiveCfg = Release|Any CPU
		{56F220BF-6572-45F4-A6B6-2D8AD2926487}.Release|Any CPU.Build.0 = Release|Any CPU
		{56F220BF-6572-45F4-A6B6-2D8AD2926487}.Release|x64.ActiveCfg = Release|x64
		{56F220BF-6572-45F4-A6B6-2D8AD2926487}.Release|x64.Build.0 = Release|x64
		{FFE1B65E-2532-4E71-9B38-0A64DA917207}.Debug|Any CPU.ActiveCfg = Debug|Any CPU
		{FFE1B65E-2532-4E71-9B38-0A64DA917207}.Debug|Any CPU.Build.0 = Debug|Any CPU
		{FFE1B65E-2532-4E71-9B38-0A64DA917207}.Debug|x64.ActiveCfg = Debug|x64
		{FFE1B65E-2532-4E71-9B38-0A64DA917207}.Debug|x64.Build.0 = Debug|x64
		{FFE1B65E-2532-4E71-9B38-0A64DA917207}.Release|Any CPU.ActiveCfg = Release|Any CPU
		{FFE1B65E-2532-4E71-9B38-0A64DA917207}.Release|Any CPU.Build.0 = Release|Any CPU
		{FFE1B65E-2532-4E71-9B38-0A64DA917207}.Release|x64.ActiveCfg = Release|x64
		{FFE1B65E-2532-4E71-9B38-0A64DA917207}.Release|x64.Build.0 = Release|x64
		{7973DABF-70AA-4219-82A7-BFE1C65D14D6}.Debug|Any CPU.ActiveCfg = Debug|Any CPU
		{7973DABF-70AA-4219-82A7-BFE1C65D14D6}.Debug|Any CPU.Build.0 = Debug|Any CPU
		{7973DABF-70AA-4219-82A7-BFE1C65D14D6}.Debug|x64.ActiveCfg = Debug|x64
		{7973DABF-70AA-4219-82A7-BFE1C65D14D6}.Debug|x64.Build.0 = Debug|x64
		{7973DABF-70AA-4219-82A7-BFE1C65D14D6}.Release|Any CPU.ActiveCfg = Release|Any CPU
		{7973DABF-70AA-4219-82A7-BFE1C65D14D6}.Release|Any CPU.Build.0 = Release|Any CPU
		{7973DABF-70AA-4219-82A7-BFE1C65D14D6}.Release|x64.ActiveCfg = Release|x64
		{7973DABF-70AA-4219-82A7-BFE1C65D14D6}.Release|x64.Build.0 = Release|x64
		{F5358147-3F05-488D-9AD6-45FAF7E3BD8B}.Debug|Any CPU.ActiveCfg = Debug|Any CPU
		{F5358147-3F05-488D-9AD6-45FAF7E3BD8B}.Debug|Any CPU.Build.0 = Debug|Any CPU
		{F5358147-3F05-488D-9AD6-45FAF7E3BD8B}.Debug|x64.ActiveCfg = Debug|x64
		{F5358147-3F05-488D-9AD6-45FAF7E3BD8B}.Debug|x64.Build.0 = Debug|x64
		{F5358147-3F05-488D-9AD6-45FAF7E3BD8B}.Release|Any CPU.ActiveCfg = Release|Any CPU
		{F5358147-3F05-488D-9AD6-45FAF7E3BD8B}.Release|Any CPU.Build.0 = Release|Any CPU
		{F5358147-3F05-488D-9AD6-45FAF7E3BD8B}.Release|x64.ActiveCfg = Release|x64
		{F5358147-3F05-488D-9AD6-45FAF7E3BD8B}.Release|x64.Build.0 = Release|x64
		{321D2395-3D95-400A-94FF-159190E6CE2D}.Debug|Any CPU.ActiveCfg = Debug|Any CPU
		{321D2395-3D95-400A-94FF-159190E6CE2D}.Debug|Any CPU.Build.0 = Debug|Any CPU
		{321D2395-3D95-400A-94FF-159190E6CE2D}.Debug|x64.ActiveCfg = Debug|x64
		{321D2395-3D95-400A-94FF-159190E6CE2D}.Debug|x64.Build.0 = Debug|x64
		{321D2395-3D95-400A-94FF-159190E6CE2D}.Release|Any CPU.ActiveCfg = Release|Any CPU
		{321D2395-3D95-400A-94FF-159190E6CE2D}.Release|Any CPU.Build.0 = Release|Any CPU
		{321D2395-3D95-400A-94FF-159190E6CE2D}.Release|x64.ActiveCfg = Release|x64
		{321D2395-3D95-400A-94FF-159190E6CE2D}.Release|x64.Build.0 = Release|x64
		{0FAB26A0-1600-4B16-825A-AB7979CB1141}.Debug|Any CPU.ActiveCfg = Debug|Any CPU
		{0FAB26A0-1600-4B16-825A-AB7979CB1141}.Debug|Any CPU.Build.0 = Debug|Any CPU
		{0FAB26A0-1600-4B16-825A-AB7979CB1141}.Debug|x64.ActiveCfg = Debug|x64
		{0FAB26A0-1600-4B16-825A-AB7979CB1141}.Debug|x64.Build.0 = Debug|x64
		{0FAB26A0-1600-4B16-825A-AB7979CB1141}.Release|Any CPU.ActiveCfg = Release|Any CPU
		{0FAB26A0-1600-4B16-825A-AB7979CB1141}.Release|Any CPU.Build.0 = Release|Any CPU
		{0FAB26A0-1600-4B16-825A-AB7979CB1141}.Release|x64.ActiveCfg = Release|x64
		{0FAB26A0-1600-4B16-825A-AB7979CB1141}.Release|x64.Build.0 = Release|x64
		{53D1B9CA-2236-4129-B490-7E5492F52B81}.Debug|Any CPU.ActiveCfg = Debug|Any CPU
		{53D1B9CA-2236-4129-B490-7E5492F52B81}.Debug|Any CPU.Build.0 = Debug|Any CPU
		{53D1B9CA-2236-4129-B490-7E5492F52B81}.Debug|x64.ActiveCfg = Debug|x64
		{53D1B9CA-2236-4129-B490-7E5492F52B81}.Debug|x64.Build.0 = Debug|x64
		{53D1B9CA-2236-4129-B490-7E5492F52B81}.Release|Any CPU.ActiveCfg = Release|Any CPU
		{53D1B9CA-2236-4129-B490-7E5492F52B81}.Release|Any CPU.Build.0 = Release|Any CPU
		{53D1B9CA-2236-4129-B490-7E5492F52B81}.Release|x64.ActiveCfg = Release|x64
		{53D1B9CA-2236-4129-B490-7E5492F52B81}.Release|x64.Build.0 = Release|x64
		{12809ACA-3114-46D7-80E1-4176201989DF}.Debug|Any CPU.ActiveCfg = Debug|Any CPU
		{12809ACA-3114-46D7-80E1-4176201989DF}.Debug|Any CPU.Build.0 = Debug|Any CPU
		{12809ACA-3114-46D7-80E1-4176201989DF}.Debug|x64.ActiveCfg = Debug|x64
		{12809ACA-3114-46D7-80E1-4176201989DF}.Debug|x64.Build.0 = Debug|x64
		{12809ACA-3114-46D7-80E1-4176201989DF}.Release|Any CPU.ActiveCfg = Release|Any CPU
		{12809ACA-3114-46D7-80E1-4176201989DF}.Release|Any CPU.Build.0 = Release|Any CPU
		{12809ACA-3114-46D7-80E1-4176201989DF}.Release|x64.ActiveCfg = Release|x64
		{12809ACA-3114-46D7-80E1-4176201989DF}.Release|x64.Build.0 = Release|x64
	EndGlobalSection
	GlobalSection(SolutionProperties) = preSolution
		HideSolutionNode = FALSE
	EndGlobalSection
	GlobalSection(NestedProjects) = preSolution
		{F919B818-AE4F-427C-A2A9-9325CE40741D} = {D7AD5074-B32E-49F4-84C7-EF75613888D1}
		{769A0356-0A1C-4DC9-8F77-E97445F93A13} = {D7AD5074-B32E-49F4-84C7-EF75613888D1}
		{199B5837-5C2F-4404-A378-99A1C59161AB} = {D7AD5074-B32E-49F4-84C7-EF75613888D1}
		{62606276-98D5-45B4-B4B1-0B04196E887E} = {D7AD5074-B32E-49F4-84C7-EF75613888D1}
		{FC305D39-4B10-4E08-8D43-1457968049EA} = {D7AD5074-B32E-49F4-84C7-EF75613888D1}
		{4460E41A-52EA-4808-8F32-218D820A761B} = {D7AD5074-B32E-49F4-84C7-EF75613888D1}
		{E1CF353F-6672-46A0-9610-CA068D323342} = {D7AD5074-B32E-49F4-84C7-EF75613888D1}
		{8A0A7E32-7363-49B4-AEED-EE5BE645A394} = {D7AD5074-B32E-49F4-84C7-EF75613888D1}
		{27B40563-BA61-4173-BC4C-176D6FD69A10} = {6D340060-07B2-4835-8AA3-81B387216240}
		{DDC3A770-063F-4BC7-B487-15128462CC96} = {6D340060-07B2-4835-8AA3-81B387216240}
		{62449790-BF20-460F-B38D-D7CF861602AD} = {6D340060-07B2-4835-8AA3-81B387216240}
		{FA078241-9FAF-4EF3-9A99-24F0A642132B} = {6D340060-07B2-4835-8AA3-81B387216240}
		{00759A28-106B-4F47-A636-8882F1D1F885} = {D7AD5074-B32E-49F4-84C7-EF75613888D1}
		{88000B33-E05C-4B7A-A5F9-24BB916540CF} = {D7AD5074-B32E-49F4-84C7-EF75613888D1}
		{79EECFB0-2B8D-46EE-A9F6-1A9E6D0F50B4} = {D7AD5074-B32E-49F4-84C7-EF75613888D1}
		{3EEB932B-74EF-4FF7-A675-6162524216AA} = {D7AD5074-B32E-49F4-84C7-EF75613888D1}
		{642B88C0-C88E-4154-9C79-0141184558A8} = {D7AD5074-B32E-49F4-84C7-EF75613888D1}
		{7F3EE521-0359-47CE-9DAF-C2FB36B68D86} = {D7AD5074-B32E-49F4-84C7-EF75613888D1}
		{B16D0D11-0251-4880-92D9-F55BC850C1B1} = {D7AD5074-B32E-49F4-84C7-EF75613888D1}
		{B9B5879A-0907-45BB-ABD5-7C4E86CBF077} = {D7AD5074-B32E-49F4-84C7-EF75613888D1}
		{6DEDCE72-3D9E-42D3-B3CB-1953DC1BC81E} = {6D340060-07B2-4835-8AA3-81B387216240}
		{BAE9856A-779A-4E35-8666-DB2D2BD2CCC3} = {6D340060-07B2-4835-8AA3-81B387216240}
		{A522FB6D-CE71-440F-B976-D156D0A19FF7} = {6D340060-07B2-4835-8AA3-81B387216240}
		{8587A990-53D6-4132-B0B6-B441E32A62D3} = {6D340060-07B2-4835-8AA3-81B387216240}
		{56F220BF-6572-45F4-A6B6-2D8AD2926487} = {6D340060-07B2-4835-8AA3-81B387216240}
		{FFE1B65E-2532-4E71-9B38-0A64DA917207} = {6D340060-07B2-4835-8AA3-81B387216240}
		{7973DABF-70AA-4219-82A7-BFE1C65D14D6} = {6D340060-07B2-4835-8AA3-81B387216240}
		{F5358147-3F05-488D-9AD6-45FAF7E3BD8B} = {6D340060-07B2-4835-8AA3-81B387216240}
		{321D2395-3D95-400A-94FF-159190E6CE2D} = {6D340060-07B2-4835-8AA3-81B387216240}
		{0FAB26A0-1600-4B16-825A-AB7979CB1141} = {6D340060-07B2-4835-8AA3-81B387216240}
		{53D1B9CA-2236-4129-B490-7E5492F52B81} = {6D340060-07B2-4835-8AA3-81B387216240}
		{12809ACA-3114-46D7-80E1-4176201989DF} = {6D340060-07B2-4835-8AA3-81B387216240}
	EndGlobalSection
EndGlobal
